
Microsoft Visual Studio Solution File, Format Version 12.00
# Visual Studio 2017
Project("{FAE04EC0-301F-11D3-BF4B-00C04F79EFBC}") = "Bastion", "Bastion.csproj", "{1DE4F12C-EF66-C380-A281-FF5773DB92BD}"
EndProject
Project("{FAE04EC0-301F-11D3-BF4B-00C04F79EFBC}") = "Bastion.Plugins", "Bastion.Plugins.csproj", "{67261F04-7956-E33F-E8CE-72A7B0AA768D}"
EndProject
Project("{FAE04EC0-301F-11D3-BF4B-00C04F79EFBC}") = "Bastion.Editor", "Bastion.Editor.csproj", "{DB4F720F-1306-8774-C81E-5F72455E9F70}"
EndProject
Project("{FAE04EC0-301F-11D3-BF4B-00C04F79EFBC}") = "Bastion.Editor.Plugins", "Bastion.Editor.Plugins.csproj", "{82A3A0A4-3DBB-A079-AE46-E5B4669DE180}"
EndProject
Global
	GlobalSection(SolutionConfigurationPlatforms) = preSolution
		Debug|Any CPU = Debug|Any CPU
		Release|Any CPU = Release|Any CPU
	EndGlobalSection
	GlobalSection(ProjectConfigurationPlatforms) = postSolution
		{1DE4F12C-EF66-C380-A281-FF5773DB92BD}.Debug|Any CPU.ActiveCfg = Debug|Any CPU
		{1DE4F12C-EF66-C380-A281-FF5773DB92BD}.Debug|Any CPU.Build.0 = Debug|Any CPU
		{1DE4F12C-EF66-C380-A281-FF5773DB92BD}.Release|Any CPU.ActiveCfg = Release|Any CPU
		{1DE4F12C-EF66-C380-A281-FF5773DB92BD}.Release|Any CPU.Build.0 = Release|Any CPU
		{67261F04-7956-E33F-E8CE-72A7B0AA768D}.Debug|Any CPU.ActiveCfg = Debug|Any CPU
		{67261F04-7956-E33F-E8CE-72A7B0AA768D}.Debug|Any CPU.Build.0 = Debug|Any CPU
		{67261F04-7956-E33F-E8CE-72A7B0AA768D}.Release|Any CPU.ActiveCfg = Release|Any CPU
		{67261F04-7956-E33F-E8CE-72A7B0AA768D}.Release|Any CPU.Build.0 = Release|Any CPU
		{DB4F720F-1306-8774-C81E-5F72455E9F70}.Debug|Any CPU.ActiveCfg = Debug|Any CPU
		{DB4F720F-1306-8774-C81E-5F72455E9F70}.Debug|Any CPU.Build.0 = Debug|Any CPU
		{DB4F720F-1306-8774-C81E-5F72455E9F70}.Release|Any CPU.ActiveCfg = Release|Any CPU
		{DB4F720F-1306-8774-C81E-5F72455E9F70}.Release|Any CPU.Build.0 = Release|Any CPU
		{82A3A0A4-3DBB-A079-AE46-E5B4669DE180}.Debug|Any CPU.ActiveCfg = Debug|Any CPU
		{82A3A0A4-3DBB-A079-AE46-E5B4669DE180}.Debug|Any CPU.Build.0 = Debug|Any CPU
		{82A3A0A4-3DBB-A079-AE46-E5B4669DE180}.Release|Any CPU.ActiveCfg = Release|Any CPU
		{82A3A0A4-3DBB-A079-AE46-E5B4669DE180}.Release|Any CPU.Build.0 = Release|Any CPU
	EndGlobalSection
	GlobalSection(SolutionProperties) = preSolution
		HideSolutionNode = FALSE
	EndGlobalSection
EndGlobal
